
Microsoft Visual Studio Solution File, Format Version 12.00
# Visual Studio Version 17
VisualStudioVersion = 17.7.34024.191
MinimumVisualStudioVersion = 10.0.40219.1
Project("{9A19103F-16F7-4668-BE54-9A1E7A4F7556}") = "ConsoleApp2", "ConsoleApp2\ConsoleApp2.csproj", "{7C78223C-6256-4F8D-B766-F08B1EB9992A}"
EndProject
Project("{2150E333-8FDC-42A3-9474-1A3956D46DE8}") = "Элементы решения", "Элементы решения", "{82498C9A-7DCB-4E2C-ACD2-0C02B8A4DFCC}"
	ProjectSection(SolutionItems) = preProject
		Lab 1.2 = Lab 1.2
	EndProjectSection
EndProject
Global
	GlobalSection(SolutionConfigurationPlatforms) = preSolution
		Debug|Any CPU = Debug|Any CPU
		Release|Any CPU = Release|Any CPU
	EndGlobalSection
	GlobalSection(ProjectConfigurationPlatforms) = postSolution
		{7C78223C-6256-4F8D-B766-F08B1EB9992A}.Debug|Any CPU.ActiveCfg = Debug|Any CPU
		{7C78223C-6256-4F8D-B766-F08B1EB9992A}.Debug|Any CPU.Build.0 = Debug|Any CPU
		{7C78223C-6256-4F8D-B766-F08B1EB9992A}.Release|Any CPU.ActiveCfg = Release|Any CPU
		{7C78223C-6256-4F8D-B766-F08B1EB9992A}.Release|Any CPU.Build.0 = Release|Any CPU
	EndGlobalSection
	GlobalSection(SolutionProperties) = preSolution
		HideSolutionNode = FALSE
	EndGlobalSection
	GlobalSection(ExtensibilityGlobals) = postSolution
		SolutionGuid = {3FDF52C5-278E-4DC9-9799-3691A6B3BD40}
	EndGlobalSection
EndGlobal
